
Microsoft Visual Studio Solution File, Format Version 12.00
# Visual Studio Version 17
VisualStudioVersion = 17.6.33801.468
MinimumVisualStudioVersion = 10.0.40219.1
Project("{FAE04EC0-301F-11D3-BF4B-00C04F79EFBC}") = "LinkGatorApi", "LinkGatorApi\LinkGatorApi.csproj", "{1F2E5846-A074-4B2B-B088-7544B7B40436}"
EndProject
Project("{FAE04EC0-301F-11D3-BF4B-00C04F79EFBC}") = "LinkGatorApiTests", "LinkGatorApiTests\LinkGatorApiTests.csproj", "{6AE9D89F-72EC-4EED-A22C-26A5480BD7C0}"
EndProject
Global
	GlobalSection(SolutionConfigurationPlatforms) = preSolution
		Debug|Any CPU = Debug|Any CPU
		Release|Any CPU = Release|Any CPU
	EndGlobalSection
	GlobalSection(ProjectConfigurationPlatforms) = postSolution
		{1F2E5846-A074-4B2B-B088-7544B7B40436}.Debug|Any CPU.ActiveCfg = Debug|Any CPU
		{1F2E5846-A074-4B2B-B088-7544B7B40436}.Debug|Any CPU.Build.0 = Debug|Any CPU
		{1F2E5846-A074-4B2B-B088-7544B7B40436}.Release|Any CPU.ActiveCfg = Release|Any CPU
		{1F2E5846-A074-4B2B-B088-7544B7B40436}.Release|Any CPU.Build.0 = Release|Any CPU
		{6AE9D89F-72EC-4EED-A22C-26A5480BD7C0}.Debug|Any CPU.ActiveCfg = Debug|Any CPU
		{6AE9D89F-72EC-4EED-A22C-26A5480BD7C0}.Debug|Any CPU.Build.0 = Debug|Any CPU
		{6AE9D89F-72EC-4EED-A22C-26A5480BD7C0}.Release|Any CPU.ActiveCfg = Release|Any CPU
		{6AE9D89F-72EC-4EED-A22C-26A5480BD7C0}.Release|Any CPU.Build.0 = Release|Any CPU
	EndGlobalSection
	GlobalSection(SolutionProperties) = preSolution
		HideSolutionNode = FALSE
	EndGlobalSection
	GlobalSection(ExtensibilityGlobals) = postSolution
		SolutionGuid = {7D8A0424-AF7A-46A8-849D-DA8083EED3FD}
	EndGlobalSection
EndGlobal
